
Microsoft Visual Studio Solution File, Format Version 12.00
# Visual Studio Version 17
VisualStudioVersion = 17.11.35312.102
MinimumVisualStudioVersion = 10.0.40219.1
Project("{FAE04EC0-301F-11D3-BF4B-00C04F79EFBC}") = "Sunny Side Up.Android", "Sunny Side Up\Sunny Side Up.Android\Sunny Side Up.Android.csproj", "{21B6C4CA-381C-4D81-B951-22FD3DB2BA8E}"
EndProject
Project("{FAE04EC0-301F-11D3-BF4B-00C04F79EFBC}") = "Sunny Side Up", "Sunny Side Up\Sunny Side Up\Sunny Side Up.csproj", "{9C8C2DB4-2BDA-4B3B-938F-C979B8ECAA28}"
EndProject
Global
	GlobalSection(SolutionConfigurationPlatforms) = preSolution
		Debug|Any CPU = Debug|Any CPU
		Release|Any CPU = Release|Any CPU
	EndGlobalSection
	GlobalSection(ProjectConfigurationPlatforms) = postSolution
		{21B6C4CA-381C-4D81-B951-22FD3DB2BA8E}.Debug|Any CPU.ActiveCfg = Debug|Any CPU
		{21B6C4CA-381C-4D81-B951-22FD3DB2BA8E}.Debug|Any CPU.Build.0 = Debug|Any CPU
		{21B6C4CA-381C-4D81-B951-22FD3DB2BA8E}.Debug|Any CPU.Deploy.0 = Debug|Any CPU
		{21B6C4CA-381C-4D81-B951-22FD3DB2BA8E}.Release|Any CPU.ActiveCfg = Release|Any CPU
		{21B6C4CA-381C-4D81-B951-22FD3DB2BA8E}.Release|Any CPU.Build.0 = Release|Any CPU
		{21B6C4CA-381C-4D81-B951-22FD3DB2BA8E}.Release|Any CPU.Deploy.0 = Release|Any CPU
		{9C8C2DB4-2BDA-4B3B-938F-C979B8ECAA28}.Debug|Any CPU.ActiveCfg = Debug|Any CPU
		{9C8C2DB4-2BDA-4B3B-938F-C979B8ECAA28}.Debug|Any CPU.Build.0 = Debug|Any CPU
		{9C8C2DB4-2BDA-4B3B-938F-C979B8ECAA28}.Debug|Any CPU.Deploy.0 = Debug|Any CPU
		{9C8C2DB4-2BDA-4B3B-938F-C979B8ECAA28}.Release|Any CPU.ActiveCfg = Release|Any CPU
		{9C8C2DB4-2BDA-4B3B-938F-C979B8ECAA28}.Release|Any CPU.Build.0 = Release|Any CPU
		{9C8C2DB4-2BDA-4B3B-938F-C979B8ECAA28}.Release|Any CPU.Deploy.0 = Release|Any CPU
	EndGlobalSection
	GlobalSection(SolutionProperties) = preSolution
		HideSolutionNode = FALSE
	EndGlobalSection
	GlobalSection(ExtensibilityGlobals) = postSolution
		SolutionGuid = {8956FBBA-2342-49FA-B50D-5DD78BDB90CE}
	EndGlobalSection
EndGlobal
